
Microsoft Visual Studio Solution File, Format Version 12.00
# Visual Studio Version 17
VisualStudioVersion = 17.5.33516.290
MinimumVisualStudioVersion = 10.0.40219.1
Project("{9A19103F-16F7-4668-BE54-9A1E7A4F7556}") = "Lytec.Common", "Common\Lytec.Common.csproj", "{C4424BC3-500D-4023-9C3C-77874ED9C3EC}"
EndProject
Project("{9A19103F-16F7-4668-BE54-9A1E7A4F7556}") = "Lytec.SerialPort", "SerialPort\Lytec.SerialPort.csproj", "{DD6C5E62-D6D6-4139-BCB2-8BC7202F36DE}"
EndProject
Project("{2150E333-8FDC-42A3-9474-1A3956D46DE8}") = "Solution Items", "Solution Items", "{31BDA3DD-23D0-4B45-AC37-15650BD82CA0}"
	ProjectSection(SolutionItems) = preProject
		.editorconfig = .editorconfig
		.gitignore = .gitignore
		Directory.Build.props = Directory.Build.props
		Directory.Build.targets = Directory.Build.targets
		Directory.Packages.props = Directory.Packages.props
		Generators.References.props = Generators.References.props
		nuget.config = nuget.config
	EndProjectSection
EndProject
Project("{9A19103F-16F7-4668-BE54-9A1E7A4F7556}") = "Lytec.NetStandard20Compatibility", "NetStandard20Compatibility\Lytec.NetStandard20Compatibility.csproj", "{3F08E2A0-AD22-4B66-9C05-AB632FE1A1F0}"
EndProject
Project("{9A19103F-16F7-4668-BE54-9A1E7A4F7556}") = "Lytec.AvaloniaUI", "AvaloniaUI\Lytec.AvaloniaUI.csproj", "{1E5D574D-00B4-459E-BF15-7FB212963CB5}"
EndProject
Project("{9A19103F-16F7-4668-BE54-9A1E7A4F7556}") = "Lytec.AvaloniaUI.Generators", "AvaloniaUI.Generators\Lytec.AvaloniaUI.Generators.csproj", "{C52737E5-42BA-4FCC-B0E1-ED2E0D6D41C2}"
EndProject
Project("{9A19103F-16F7-4668-BE54-9A1E7A4F7556}") = "Lytec.WinForms", "WinForms\Lytec.WinForms.csproj", "{3561417C-AFE2-4A80-8176-11E4A2DB7303}"
EndProject
Project("{9A19103F-16F7-4668-BE54-9A1E7A4F7556}") = "Lytec.Protocol", "Protocol\Lytec.Protocol.csproj", "{98C4A539-0432-4A86-89CA-46B1DB53A39B}"
EndProject
Project("{9A19103F-16F7-4668-BE54-9A1E7A4F7556}") = "Lytec.Win32", "Win32\Lytec.Win32.csproj", "{AA1C6385-E878-428C-A9C8-B6C45A4F23E6}"
EndProject
Global
	GlobalSection(SolutionConfigurationPlatforms) = preSolution
		Debug|Any CPU = Debug|Any CPU
		Release|Any CPU = Release|Any CPU
	EndGlobalSection
	GlobalSection(ProjectConfigurationPlatforms) = postSolution
		{C4424BC3-500D-4023-9C3C-77874ED9C3EC}.Debug|Any CPU.ActiveCfg = Debug|Any CPU
		{C4424BC3-500D-4023-9C3C-77874ED9C3EC}.Debug|Any CPU.Build.0 = Debug|Any CPU
		{C4424BC3-500D-4023-9C3C-77874ED9C3EC}.Release|Any CPU.ActiveCfg = Release|Any CPU
		{C4424BC3-500D-4023-9C3C-77874ED9C3EC}.Release|Any CPU.Build.0 = Release|Any CPU
		{DD6C5E62-D6D6-4139-BCB2-8BC7202F36DE}.Debug|Any CPU.ActiveCfg = Debug|Any CPU
		{DD6C5E62-D6D6-4139-BCB2-8BC7202F36DE}.Debug|Any CPU.Build.0 = Debug|Any CPU
		{DD6C5E62-D6D6-4139-BCB2-8BC7202F36DE}.Release|Any CPU.ActiveCfg = Release|Any CPU
		{DD6C5E62-D6D6-4139-BCB2-8BC7202F36DE}.Release|Any CPU.Build.0 = Release|Any CPU
		{3F08E2A0-AD22-4B66-9C05-AB632FE1A1F0}.Debug|Any CPU.ActiveCfg = Debug|Any CPU
		{3F08E2A0-AD22-4B66-9C05-AB632FE1A1F0}.Debug|Any CPU.Build.0 = Debug|Any CPU
		{3F08E2A0-AD22-4B66-9C05-AB632FE1A1F0}.Release|Any CPU.ActiveCfg = Release|Any CPU
		{3F08E2A0-AD22-4B66-9C05-AB632FE1A1F0}.Release|Any CPU.Build.0 = Release|Any CPU
		{1E5D574D-00B4-459E-BF15-7FB212963CB5}.Debug|Any CPU.ActiveCfg = Debug|Any CPU
		{1E5D574D-00B4-459E-BF15-7FB212963CB5}.Debug|Any CPU.Build.0 = Debug|Any CPU
		{1E5D574D-00B4-459E-BF15-7FB212963CB5}.Release|Any CPU.ActiveCfg = Release|Any CPU
		{1E5D574D-00B4-459E-BF15-7FB212963CB5}.Release|Any CPU.Build.0 = Release|Any CPU
		{C52737E5-42BA-4FCC-B0E1-ED2E0D6D41C2}.Debug|Any CPU.ActiveCfg = Debug|Any CPU
		{C52737E5-42BA-4FCC-B0E1-ED2E0D6D41C2}.Debug|Any CPU.Build.0 = Debug|Any CPU
		{C52737E5-42BA-4FCC-B0E1-ED2E0D6D41C2}.Release|Any CPU.ActiveCfg = Release|Any CPU
		{C52737E5-42BA-4FCC-B0E1-ED2E0D6D41C2}.Release|Any CPU.Build.0 = Release|Any CPU
		{3561417C-AFE2-4A80-8176-11E4A2DB7303}.Debug|Any CPU.ActiveCfg = Debug|Any CPU
		{3561417C-AFE2-4A80-8176-11E4A2DB7303}.Debug|Any CPU.Build.0 = Debug|Any CPU
		{3561417C-AFE2-4A80-8176-11E4A2DB7303}.Release|Any CPU.ActiveCfg = Release|Any CPU
		{3561417C-AFE2-4A80-8176-11E4A2DB7303}.Release|Any CPU.Build.0 = Release|Any CPU
		{98C4A539-0432-4A86-89CA-46B1DB53A39B}.Debug|Any CPU.ActiveCfg = Debug|Any CPU
		{98C4A539-0432-4A86-89CA-46B1DB53A39B}.Debug|Any CPU.Build.0 = Debug|Any CPU
		{98C4A539-0432-4A86-89CA-46B1DB53A39B}.Release|Any CPU.ActiveCfg = Release|Any CPU
		{98C4A539-0432-4A86-89CA-46B1DB53A39B}.Release|Any CPU.Build.0 = Release|Any CPU
		{AA1C6385-E878-428C-A9C8-B6C45A4F23E6}.Debug|Any CPU.ActiveCfg = Debug|Any CPU
		{AA1C6385-E878-428C-A9C8-B6C45A4F23E6}.Debug|Any CPU.Build.0 = Debug|Any CPU
		{AA1C6385-E878-428C-A9C8-B6C45A4F23E6}.Release|Any CPU.ActiveCfg = Release|Any CPU
		{AA1C6385-E878-428C-A9C8-B6C45A4F23E6}.Release|Any CPU.Build.0 = Release|Any CPU
	EndGlobalSection
	GlobalSection(SolutionProperties) = preSolution
		HideSolutionNode = FALSE
	EndGlobalSection
	GlobalSection(ExtensibilityGlobals) = postSolution
		SolutionGuid = {EA14A8D0-4610-4AF9-9C8A-D72765A0DFF7}
	EndGlobalSection
EndGlobal
